// !$*UTF8*$!
{
	archiveVersion = 1;
	classes = {
	};
	objectVersion = 50;
	objects = {

/* Begin PBXBuildFile section */
		EF89C7C82477198D0021BA68 /* AppDelegate.swift in Sources */ = {isa = PBXBuildFile; fileRef = EF89C7C72477198D0021BA68 /* AppDelegate.swift */; };
		EF89C7CA2477198D0021BA68 /* SceneDelegate.swift in Sources */ = {isa = PBXBuildFile; fileRef = EF89C7C92477198D0021BA68 /* SceneDelegate.swift */; };
		EF89C7CC2477198D0021BA68 /* ContentView.swift in Sources */ = {isa = PBXBuildFile; fileRef = EF89C7CB2477198D0021BA68 /* ContentView.swift */; };
		EF89C7CE247719980021BA68 /* Assets.xcassets in Resources */ = {isa = PBXBuildFile; fileRef = EF89C7CD247719980021BA68 /* Assets.xcassets */; };
		EF89C7D1247719980021BA68 /* Preview Assets.xcassets in Resources */ = {isa = PBXBuildFile; fileRef = EF89C7D0247719980021BA68 /* Preview Assets.xcassets */; };
		EF89C7D4247719980021BA68 /* LaunchScreen.storyboard in Resources */ = {isa = PBXBuildFile; fileRef = EF89C7D2247719980021BA68 /* LaunchScreen.storyboard */; };
		EF89C7DF247719990021BA68 /* jchessTests.swift in Sources */ = {isa = PBXBuildFile; fileRef = EF89C7DE247719990021BA68 /* jchessTests.swift */; };
		EF89C7EA247725C30021BA68 /* chessboard.swift in Sources */ = {isa = PBXBuildFile; fileRef = EF89C7E9247725C20021BA68 /* chessboard.swift */; };
		EF89C7EC24772E320021BA68 /* ChessBoardRow.swift in Sources */ = {isa = PBXBuildFile; fileRef = EF89C7EB24772E320021BA68 /* ChessBoardRow.swift */; };
		EF89C7EE247730190021BA68 /* ChessBoardPiece.swift in Sources */ = {isa = PBXBuildFile; fileRef = EF89C7ED247730190021BA68 /* ChessBoardPiece.swift */; };
		EF89C7F0247736E70021BA68 /* CommandCenter.swift in Sources */ = {isa = PBXBuildFile; fileRef = EF89C7EF247736E60021BA68 /* CommandCenter.swift */; };
		EF89C7F3247DBB660021BA68 /* ChessTile.swift in Sources */ = {isa = PBXBuildFile; fileRef = EF89C7F2247DBB650021BA68 /* ChessTile.swift */; };
		EF89C7F5247DC5360021BA68 /* ChessBoard.swift in Sources */ = {isa = PBXBuildFile; fileRef = EF89C7F4247DC5360021BA68 /* ChessBoard.swift */; };
/* End PBXBuildFile section */

/* Begin PBXContainerItemProxy section */
		EF89C7DB247719990021BA68 /* PBXContainerItemProxy */ = {
			isa = PBXContainerItemProxy;
			containerPortal = EF89C7BC2477198C0021BA68 /* Project object */;
			proxyType = 1;
			remoteGlobalIDString = EF89C7C32477198D0021BA68;
			remoteInfo = jchess;
		};
/* End PBXContainerItemProxy section */

/* Begin PBXFileReference section */
		EF89C7C42477198D0021BA68 /* jchess.app */ = {isa = PBXFileReference; explicitFileType = wrapper.application; includeInIndex = 0; path = jchess.app; sourceTree = BUILT_PRODUCTS_DIR; };
		EF89C7C72477198D0021BA68 /* AppDelegate.swift */ = {isa = PBXFileReference; lastKnownFileType = sourcecode.swift; path = AppDelegate.swift; sourceTree = "<group>"; };
		EF89C7C92477198D0021BA68 /* SceneDelegate.swift */ = {isa = PBXFileReference; lastKnownFileType = sourcecode.swift; path = SceneDelegate.swift; sourceTree = "<group>"; };
		EF89C7CB2477198D0021BA68 /* ContentView.swift */ = {isa = PBXFileReference; lastKnownFileType = sourcecode.swift; path = ContentView.swift; sourceTree = "<group>"; };
		EF89C7CD247719980021BA68 /* Assets.xcassets */ = {isa = PBXFileReference; lastKnownFileType = folder.assetcatalog; path = Assets.xcassets; sourceTree = "<group>"; };
		EF89C7D0247719980021BA68 /* Preview Assets.xcassets */ = {isa = PBXFileReference; lastKnownFileType = folder.assetcatalog; path = "Preview Assets.xcassets"; sourceTree = "<group>"; };
		EF89C7D3247719980021BA68 /* Base */ = {isa = PBXFileReference; lastKnownFileType = file.storyboard; name = Base; path = Base.lproj/LaunchScreen.storyboard; sourceTree = "<group>"; };
		EF89C7D5247719980021BA68 /* Info.plist */ = {isa = PBXFileReference; lastKnownFileType = text.plist.xml; path = Info.plist; sourceTree = "<group>"; };
		EF89C7DA247719990021BA68 /* jchessTests.xctest */ = {isa = PBXFileReference; explicitFileType = wrapper.cfbundle; includeInIndex = 0; path = jchessTests.xctest; sourceTree = BUILT_PRODUCTS_DIR; };
		EF89C7DE247719990021BA68 /* jchessTests.swift */ = {isa = PBXFileReference; lastKnownFileType = sourcecode.swift; path = jchessTests.swift; sourceTree = "<group>"; };
		EF89C7E0247719990021BA68 /* Info.plist */ = {isa = PBXFileReference; lastKnownFileType = text.plist.xml; path = Info.plist; sourceTree = "<group>"; };
		EF89C7E9247725C20021BA68 /* chessboard.swift */ = {isa = PBXFileReference; lastKnownFileType = sourcecode.swift; path = chessboard.swift; sourceTree = "<group>"; };
		EF89C7EB24772E320021BA68 /* ChessBoardRow.swift */ = {isa = PBXFileReference; lastKnownFileType = sourcecode.swift; path = ChessBoardRow.swift; sourceTree = "<group>"; };
		EF89C7ED247730190021BA68 /* ChessBoardPiece.swift */ = {isa = PBXFileReference; lastKnownFileType = sourcecode.swift; path = ChessBoardPiece.swift; sourceTree = "<group>"; };
		EF89C7EF247736E60021BA68 /* CommandCenter.swift */ = {isa = PBXFileReference; lastKnownFileType = sourcecode.swift; path = CommandCenter.swift; sourceTree = "<group>"; };
		EF89C7F2247DBB650021BA68 /* ChessTile.swift */ = {isa = PBXFileReference; lastKnownFileType = sourcecode.swift; path = ChessTile.swift; sourceTree = "<group>"; };
		EF89C7F4247DC5360021BA68 /* ChessBoard.swift */ = {isa = PBXFileReference; lastKnownFileType = sourcecode.swift; path = ChessBoard.swift; sourceTree = "<group>"; };
/* End PBXFileReference section */

/* Begin PBXFrameworksBuildPhase section */
		EF89C7C12477198D0021BA68 /* Frameworks */ = {
			isa = PBXFrameworksBuildPhase;
			buildActionMask = 2147483647;
			files = (
			);
			runOnlyForDeploymentPostprocessing = 0;
		};
		EF89C7D7247719990021BA68 /* Frameworks */ = {
			isa = PBXFrameworksBuildPhase;
			buildActionMask = 2147483647;
			files = (
			);
			runOnlyForDeploymentPostprocessing = 0;
		};
/* End PBXFrameworksBuildPhase section */

/* Begin PBXGroup section */
		EF89C7BB2477198C0021BA68 = {
			isa = PBXGroup;
			children = (
				EF89C7C62477198D0021BA68 /* jchess */,
				EF89C7DD247719990021BA68 /* jchessTests */,
				EF89C7C52477198D0021BA68 /* Products */,
			);
			sourceTree = "<group>";
		};
		EF89C7C52477198D0021BA68 /* Products */ = {
			isa = PBXGroup;
			children = (
				EF89C7C42477198D0021BA68 /* jchess.app */,
				EF89C7DA247719990021BA68 /* jchessTests.xctest */,
			);
			name = Products;
			sourceTree = "<group>";
		};
		EF89C7C62477198D0021BA68 /* jchess */ = {
			isa = PBXGroup;
			children = (
				EF89C7F1247DBB230021BA68 /* Models */,
				EF89C7C72477198D0021BA68 /* AppDelegate.swift */,
				EF89C7C92477198D0021BA68 /* SceneDelegate.swift */,
				EF89C7CB2477198D0021BA68 /* ContentView.swift */,
				EF89C7EF247736E60021BA68 /* CommandCenter.swift */,
				EF89C7E9247725C20021BA68 /* chessboard.swift */,
				EF89C7EB24772E320021BA68 /* ChessBoardRow.swift */,
				EF89C7ED247730190021BA68 /* ChessBoardPiece.swift */,
				EF89C7CD247719980021BA68 /* Assets.xcassets */,
				EF89C7D2247719980021BA68 /* LaunchScreen.storyboard */,
				EF89C7D5247719980021BA68 /* Info.plist */,
				EF89C7CF247719980021BA68 /* Preview Content */,
			);
			path = jchess;
			sourceTree = "<group>";
		};
		EF89C7CF247719980021BA68 /* Preview Content */ = {
			isa = PBXGroup;
			children = (
				EF89C7D0247719980021BA68 /* Preview Assets.xcassets */,
			);
			path = "Preview Content";
			sourceTree = "<group>";
		};
		EF89C7DD247719990021BA68 /* jchessTests */ = {
			isa = PBXGroup;
			children = (
				EF89C7DE247719990021BA68 /* jchessTests.swift */,
				EF89C7E0247719990021BA68 /* Info.plist */,
			);
			path = jchessTests;
			sourceTree = "<group>";
		};
		EF89C7F1247DBB230021BA68 /* Models */ = {
			isa = PBXGroup;
			children = (
				EF89C7F2247DBB650021BA68 /* ChessTile.swift */,
				EF89C7F4247DC5360021BA68 /* ChessBoard.swift */,
			);
			path = Models;
			sourceTree = "<group>";
		};
/* End PBXGroup section */

/* Begin PBXNativeTarget section */
		EF89C7C32477198D0021BA68 /* jchess */ = {
			isa = PBXNativeTarget;
			buildConfigurationList = EF89C7E3247719990021BA68 /* Build configuration list for PBXNativeTarget "jchess" */;
			buildPhases = (
				EF89C7C02477198D0021BA68 /* Sources */,
				EF89C7C12477198D0021BA68 /* Frameworks */,
				EF89C7C22477198D0021BA68 /* Resources */,
			);
			buildRules = (
			);
			dependencies = (
			);
			name = jchess;
			productName = jchess;
			productReference = EF89C7C42477198D0021BA68 /* jchess.app */;
			productType = "com.apple.product-type.application";
		};
		EF89C7D9247719990021BA68 /* jchessTests */ = {
			isa = PBXNativeTarget;
			buildConfigurationList = EF89C7E6247719990021BA68 /* Build configuration list for PBXNativeTarget "jchessTests" */;
			buildPhases = (
				EF89C7D6247719990021BA68 /* Sources */,
				EF89C7D7247719990021BA68 /* Frameworks */,
				EF89C7D8247719990021BA68 /* Resources */,
			);
			buildRules = (
			);
			dependencies = (
				EF89C7DC247719990021BA68 /* PBXTargetDependency */,
			);
			name = jchessTests;
			productName = jchessTests;
			productReference = EF89C7DA247719990021BA68 /* jchessTests.xctest */;
			productType = "com.apple.product-type.bundle.unit-test";
		};
/* End PBXNativeTarget section */

/* Begin PBXProject section */
		EF89C7BC2477198C0021BA68 /* Project object */ = {
			isa = PBXProject;
			attributes = {
				LastSwiftUpdateCheck = 1140;
				LastUpgradeCheck = 1140;
				ORGANIZATIONNAME = "Jchess Inc";
				TargetAttributes = {
					EF89C7C32477198D0021BA68 = {
						CreatedOnToolsVersion = 11.4.1;
					};
					EF89C7D9247719990021BA68 = {
						CreatedOnToolsVersion = 11.4.1;
						TestTargetID = EF89C7C32477198D0021BA68;
					};
				};
			};
			buildConfigurationList = EF89C7BF2477198C0021BA68 /* Build configuration list for PBXProject "jchess" */;
			compatibilityVersion = "Xcode 9.3";
			developmentRegion = en;
			hasScannedForEncodings = 0;
			knownRegions = (
				en,
				Base,
			);
			mainGroup = EF89C7BB2477198C0021BA68;
			productRefGroup = EF89C7C52477198D0021BA68 /* Products */;
			projectDirPath = "";
			projectRoot = "";
			targets = (
				EF89C7C32477198D0021BA68 /* jchess */,
				EF89C7D9247719990021BA68 /* jchessTests */,
			);
		};
/* End PBXProject section */

/* Begin PBXResourcesBuildPhase section */
		EF89C7C22477198D0021BA68 /* Resources */ = {
			isa = PBXResourcesBuildPhase;
			buildActionMask = 2147483647;
			files = (
				EF89C7D4247719980021BA68 /* LaunchScreen.storyboard in Resources */,
				EF89C7D1247719980021BA68 /* Preview Assets.xcassets in Resources */,
				EF89C7CE247719980021BA68 /* Assets.xcassets in Resources */,
			);
			runOnlyForDeploymentPostprocessing = 0;
		};
		EF89C7D8247719990021BA68 /* Resources */ = {
			isa = PBXResourcesBuildPhase;
			buildActionMask = 2147483647;
			files = (
			);
			runOnlyForDeploymentPostprocessing = 0;
		};
/* End PBXResourcesBuildPhase section */

/* Begin PBXSourcesBuildPhase section */
		EF89C7C02477198D0021BA68 /* Sources */ = {
			isa = PBXSourcesBuildPhase;
			buildActionMask = 2147483647;
			files = (
				EF89C7C82477198D0021BA68 /* AppDelegate.swift in Sources */,
				EF89C7F5247DC5360021BA68 /* ChessBoard.swift in Sources */,
				EF89C7EA247725C30021BA68 /* chessboard.swift in Sources */,
				EF89C7CA2477198D0021BA68 /* SceneDelegate.swift in Sources */,
				EF89C7EC24772E320021BA68 /* ChessBoardRow.swift in Sources */,
				EF89C7EE247730190021BA68 /* ChessBoardPiece.swift in Sources */,
				EF89C7CC2477198D0021BA68 /* ContentView.swift in Sources */,
				EF89C7F3247DBB660021BA68 /* ChessTile.swift in Sources */,
				EF89C7F0247736E70021BA68 /* CommandCenter.swift in Sources */,
			);
			runOnlyForDeploymentPostprocessing = 0;
		};
		EF89C7D6247719990021BA68 /* Sources */ = {
			isa = PBXSourcesBuildPhase;
			buildActionMask = 2147483647;
			files = (
				EF89C7DF247719990021BA68 /* jchessTests.swift in Sources */,
			);
			runOnlyForDeploymentPostprocessing = 0;
		};
/* End PBXSourcesBuildPhase section */

/* Begin PBXTargetDependency section */
		EF89C7DC247719990021BA68 /* PBXTargetDependency */ = {
			isa = PBXTargetDependency;
			target = EF89C7C32477198D0021BA68 /* jchess */;
			targetProxy = EF89C7DB247719990021BA68 /* PBXContainerItemProxy */;
		};
/* End PBXTargetDependency section */

/* Begin PBXVariantGroup section */
		EF89C7D2247719980021BA68 /* LaunchScreen.storyboard */ = {
			isa = PBXVariantGroup;
			children = (
				EF89C7D3247719980021BA68 /* Base */,
			);
			name = LaunchScreen.storyboard;
			sourceTree = "<group>";
		};
/* End PBXVariantGroup section */

/* Begin XCBuildConfiguration section */
		EF89C7E1247719990021BA68 /* Debug */ = {
			isa = XCBuildConfiguration;
			buildSettings = {
				ALWAYS_SEARCH_USER_PATHS = NO;
				CLANG_ANALYZER_NONNULL = YES;
				CLANG_ANALYZER_NUMBER_OBJECT_CONVERSION = YES_AGGRESSIVE;
				CLANG_CXX_LANGUAGE_STANDARD = "gnu++14";
				CLANG_CXX_LIBRARY = "libc++";
				CLANG_ENABLE_MODULES = YES;
				CLANG_ENABLE_OBJC_ARC = YES;
				CLANG_ENABLE_OBJC_WEAK = YES;
				CLANG_WARN_BLOCK_CAPTURE_AUTORELEASING = YES;
				CLANG_WARN_BOOL_CONVERSION = YES;
				CLANG_WARN_COMMA = YES;
				CLANG_WARN_CONSTANT_CONVERSION = YES;
				CLANG_WARN_DEPRECATED_OBJC_IMPLEMENTATIONS = YES;
				CLANG_WARN_DIRECT_OBJC_ISA_USAGE = YES_ERROR;
				CLANG_WARN_DOCUMENTATION_COMMENTS = YES;
				CLANG_WARN_EMPTY_BODY = YES;
				CLANG_WARN_ENUM_CONVERSION = YES;
				CLANG_WARN_INFINITE_RECURSION = YES;
				CLANG_WARN_INT_CONVERSION = YES;
				CLANG_WARN_NON_LITERAL_NULL_CONVERSION = YES;
				CLANG_WARN_OBJC_IMPLICIT_RETAIN_SELF = YES;
				CLANG_WARN_OBJC_LITERAL_CONVERSION = YES;
				CLANG_WARN_OBJC_ROOT_CLASS = YES_ERROR;
				CLANG_WARN_RANGE_LOOP_ANALYSIS = YES;
				CLANG_WARN_STRICT_PROTOTYPES = YES;
				CLANG_WARN_SUSPICIOUS_MOVE = YES;
				CLANG_WARN_UNGUARDED_AVAILABILITY = YES_AGGRESSIVE;
				CLANG_WARN_UNREACHABLE_CODE = YES;
				CLANG_WARN__DUPLICATE_METHOD_MATCH = YES;
				COPY_PHASE_STRIP = NO;
				DEBUG_INFORMATION_FORMAT = dwarf;
				ENABLE_STRICT_OBJC_MSGSEND = YES;
				ENABLE_TESTABILITY = YES;
				GCC_C_LANGUAGE_STANDARD = gnu11;
				GCC_DYNAMIC_NO_PIC = NO;
				GCC_NO_COMMON_BLOCKS = YES;
				GCC_OPTIMIZATION_LEVEL = 0;
				GCC_PREPROCESSOR_DEFINITIONS = (
					"DEBUG=1",
					"$(inherited)",
				);
				GCC_WARN_64_TO_32_BIT_CONVERSION = YES;
				GCC_WARN_ABOUT_RETURN_TYPE = YES_ERROR;
				GCC_WARN_UNDECLARED_SELECTOR = YES;
				GCC_WARN_UNINITIALIZED_AUTOS = YES_AGGRESSIVE;
				GCC_WARN_UNUSED_FUNCTION = YES;
				GCC_WARN_UNUSED_VARIABLE = YES;
				IPHONEOS_DEPLOYMENT_TARGET = 13.4;
				MTL_ENABLE_DEBUG_INFO = INCLUDE_SOURCE;
				MTL_FAST_MATH = YES;
				ONLY_ACTIVE_ARCH = YES;
				SDKROOT = iphoneos;
				SWIFT_ACTIVE_COMPILATION_CONDITIONS = DEBUG;
				SWIFT_OPTIMIZATION_LEVEL = "-Onone";
			};
			name = Debug;
		};
		EF89C7E2247719990021BA68 /* Release */ = {
			isa = XCBuildConfiguration;
			buildSettings = {
				ALWAYS_SEARCH_USER_PATHS = NO;
				CLANG_ANALYZER_NONNULL = YES;
				CLANG_ANALYZER_NUMBER_OBJECT_CONVERSION = YES_AGGRESSIVE;
				CLANG_CXX_LANGUAGE_STANDARD = "gnu++14";
				CLANG_CXX_LIBRARY = "libc++";
				CLANG_ENABLE_MODULES = YES;
				CLANG_ENABLE_OBJC_ARC = YES;
				CLANG_ENABLE_OBJC_WEAK = YES;
				CLANG_WARN_BLOCK_CAPTURE_AUTORELEASING = YES;
				CLANG_WARN_BOOL_CONVERSION = YES;
				CLANG_WARN_COMMA = YES;
				CLANG_WARN_CONSTANT_CONVERSION = YES;
				CLANG_WARN_DEPRECATED_OBJC_IMPLEMENTATIONS = YES;
				CLANG_WARN_DIRECT_OBJC_ISA_USAGE = YES_ERROR;
				CLANG_WARN_DOCUMENTATION_COMMENTS = YES;
				CLANG_WARN_EMPTY_BODY = YES;
				CLANG_WARN_ENUM_CONVERSION = YES;
				CLANG_WARN_INFINITE_RECURSION = YES;
				CLANG_WARN_INT_CONVERSION = YES;
				CLANG_WARN_NON_LITERAL_NULL_CONVERSION = YES;
				CLANG_WARN_OBJC_IMPLICIT_RETAIN_SELF = YES;
				CLANG_WARN_OBJC_LITERAL_CONVERSION = YES;
				CLANG_WARN_OBJC_ROOT_CLASS = YES_ERROR;
				CLANG_WARN_RANGE_LOOP_ANALYSIS = YES;
				CLANG_WARN_STRICT_PROTOTYPES = YES;
				CLANG_WARN_SUSPICIOUS_MOVE = YES;
				CLANG_WARN_UNGUARDED_AVAILABILITY = YES_AGGRESSIVE;
				CLANG_WARN_UNREACHABLE_CODE = YES;
				CLANG_WARN__DUPLICATE_METHOD_MATCH = YES;
				COPY_PHASE_STRIP = NO;
				DEBUG_INFORMATION_FORMAT = "dwarf-with-dsym";
				ENABLE_NS_ASSERTIONS = NO;
				ENABLE_STRICT_OBJC_MSGSEND = YES;
				GCC_C_LANGUAGE_STANDARD = gnu11;
				GCC_NO_COMMON_BLOCKS = YES;
				GCC_WARN_64_TO_32_BIT_CONVERSION = YES;
				GCC_WARN_ABOUT_RETURN_TYPE = YES_ERROR;
				GCC_WARN_UNDECLARED_SELECTOR = YES;
				GCC_WARN_UNINITIALIZED_AUTOS = YES_AGGRESSIVE;
				GCC_WARN_UNUSED_FUNCTION = YES;
				GCC_WARN_UNUSED_VARIABLE = YES;
				IPHONEOS_DEPLOYMENT_TARGET = 13.4;
				MTL_ENABLE_DEBUG_INFO = NO;
				MTL_FAST_MATH = YES;
				SDKROOT = iphoneos;
				SWIFT_COMPILATION_MODE = wholemodule;
				SWIFT_OPTIMIZATION_LEVEL = "-O";
				VALIDATE_PRODUCT = YES;
			};
			name = Release;
		};
		EF89C7E4247719990021BA68 /* Debug */ = {
			isa = XCBuildConfiguration;
			buildSettings = {
				ASSETCATALOG_COMPILER_APPICON_NAME = AppIcon;
				CODE_SIGN_STYLE = Automatic;
				DEVELOPMENT_ASSET_PATHS = "\"jchess/Preview Content\"";
				ENABLE_PREVIEWS = YES;
				INFOPLIST_FILE = jchess/Info.plist;
				LD_RUNPATH_SEARCH_PATHS = (
					"$(inherited)",
					"@executable_path/Frameworks",
				);
				PRODUCT_BUNDLE_IDENTIFIER = com.jchess.jchess;
				PRODUCT_NAME = "$(TARGET_NAME)";
				SWIFT_VERSION = 5.0;
				TARGETED_DEVICE_FAMILY = "1,2";
			};
			name = Debug;
		};
		EF89C7E5247719990021BA68 /* Release */ = {
			isa = XCBuildConfiguration;
			buildSettings = {
				ASSETCATALOG_COMPILER_APPICON_NAME = AppIcon;
				CODE_SIGN_STYLE = Automatic;
				DEVELOPMENT_ASSET_PATHS = "\"jchess/Preview Content\"";
				ENABLE_PREVIEWS = YES;
				INFOPLIST_FILE = jchess/Info.plist;
				LD_RUNPATH_SEARCH_PATHS = (
					"$(inherited)",
					"@executable_path/Frameworks",
				);
				PRODUCT_BUNDLE_IDENTIFIER = com.jchess.jchess;
				PRODUCT_NAME = "$(TARGET_NAME)";
				SWIFT_VERSION = 5.0;
				TARGETED_DEVICE_FAMILY = "1,2";
			};
			name = Release;
		};
		EF89C7E7247719990021BA68 /* Debug */ = {
			isa = XCBuildConfiguration;
			buildSettings = {
				ALWAYS_EMBED_SWIFT_STANDARD_LIBRARIES = YES;
				BUNDLE_LOADER = "$(TEST_HOST)";
				CODE_SIGN_STYLE = Automatic;
				INFOPLIST_FILE = jchessTests/Info.plist;
				IPHONEOS_DEPLOYMENT_TARGET = 13.4;
				LD_RUNPATH_SEARCH_PATHS = (
					"$(inherited)",
					"@executable_path/Frameworks",
					"@loader_path/Frameworks",
				);
				PRODUCT_BUNDLE_IDENTIFIER = com.jchess.jchessTests;
				PRODUCT_NAME = "$(TARGET_NAME)";
				SWIFT_VERSION = 5.0;
				TARGETED_DEVICE_FAMILY = "1,2";
				TEST_HOST = "$(BUILT_PRODUCTS_DIR)/jchess.app/jchess";
			};
			name = Debug;
		};
		EF89C7E8247719990021BA68 /* Release */ = {
			isa = XCBuildConfiguration;
			buildSettings = {
				ALWAYS_EMBED_SWIFT_STANDARD_LIBRARIES = YES;
				BUNDLE_LOADER = "$(TEST_HOST)";
				CODE_SIGN_STYLE = Automatic;
				INFOPLIST_FILE = jchessTests/Info.plist;
				IPHONEOS_DEPLOYMENT_TARGET = 13.4;
				LD_RUNPATH_SEARCH_PATHS = (
					"$(inherited)",
					"@executable_path/Frameworks",
					"@loader_path/Frameworks",
				);
				PRODUCT_BUNDLE_IDENTIFIER = com.jchess.jchessTests;
				PRODUCT_NAME = "$(TARGET_NAME)";
				SWIFT_VERSION = 5.0;
				TARGETED_DEVICE_FAMILY = "1,2";
				TEST_HOST = "$(BUILT_PRODUCTS_DIR)/jchess.app/jchess";
			};
			name = Release;
		};
/* End XCBuildConfiguration section */

/* Begin XCConfigurationList section */
		EF89C7BF2477198C0021BA68 /* Build configuration list for PBXProject "jchess" */ = {
			isa = XCConfigurationList;
			buildConfigurations = (
				EF89C7E1247719990021BA68 /* Debug */,
				EF89C7E2247719990021BA68 /* Release */,
			);
			defaultConfigurationIsVisible = 0;
			defaultConfigurationName = Release;
		};
		EF89C7E3247719990021BA68 /* Build configuration list for PBXNativeTarget "jchess" */ = {
			isa = XCConfigurationList;
			buildConfigurations = (
				EF89C7E4247719990021BA68 /* Debug */,
				EF89C7E5247719990021BA68 /* Release */,
			);
			defaultConfigurationIsVisible = 0;
			defaultConfigurationName = Release;
		};
		EF89C7E6247719990021BA68 /* Build configuration list for PBXNativeTarget "jchessTests" */ = {
			isa = XCConfigurationList;
			buildConfigurations = (
				EF89C7E7247719990021BA68 /* Debug */,
				EF89C7E8247719990021BA68 /* Release */,
			);
			defaultConfigurationIsVisible = 0;
			defaultConfigurationName = Release;
		};
/* End XCConfigurationList section */
	};
	rootObject = EF89C7BC2477198C0021BA68 /* Project object */;
}
